
Microsoft Visual Studio Solution File, Format Version 12.00
# Visual Studio 14
VisualStudioVersion = 14.0.25420.1
MinimumVisualStudioVersion = 10.0.40219.1
Project("{FAE04EC0-301F-11D3-BF4B-00C04F79EFBC}") = "WebSitePOM", "TestFramework\WebSitePOM.csproj", "{6281F91A-9EE4-4631-9274-A3A423026589}"
EndProject
Project("{FAE04EC0-301F-11D3-BF4B-00C04F79EFBC}") = "Tests", "Tests\Tests.csproj", "{4AFB354D-BE11-4BA2-8DB0-BF8FEF4D23E5}"
EndProject
Project("{FAE04EC0-301F-11D3-BF4B-00C04F79EFBC}") = "Selenium.Helpers", "Selenium.Helpers\Selenium.Helpers.csproj", "{7FC8B95D-BC2C-41AF-86A9-FD70A09A93BF}"
EndProject
Project("{2150E333-8FDC-42A3-9474-1A3956D46DE8}") = "Solution Items", "Solution Items", "{3B24ECAF-5D39-4963-8555-9B1A0F6688BB}"
	ProjectSection(SolutionItems) = preProject
		gitignore.ignore = gitignore.ignore
		README.md = README.md
	EndProjectSection
EndProject
Global
	GlobalSection(SolutionConfigurationPlatforms) = preSolution
		Debug|Any CPU = Debug|Any CPU
		Release|Any CPU = Release|Any CPU
	EndGlobalSection
	GlobalSection(ProjectConfigurationPlatforms) = postSolution
		{6281F91A-9EE4-4631-9274-A3A423026589}.Debug|Any CPU.ActiveCfg = Debug|Any CPU
		{6281F91A-9EE4-4631-9274-A3A423026589}.Debug|Any CPU.Build.0 = Debug|Any CPU
		{6281F91A-9EE4-4631-9274-A3A423026589}.Release|Any CPU.ActiveCfg = Release|Any CPU
		{6281F91A-9EE4-4631-9274-A3A423026589}.Release|Any CPU.Build.0 = Release|Any CPU
		{4AFB354D-BE11-4BA2-8DB0-BF8FEF4D23E5}.Debug|Any CPU.ActiveCfg = Debug|Any CPU
		{4AFB354D-BE11-4BA2-8DB0-BF8FEF4D23E5}.Debug|Any CPU.Build.0 = Debug|Any CPU
		{4AFB354D-BE11-4BA2-8DB0-BF8FEF4D23E5}.Release|Any CPU.ActiveCfg = Release|Any CPU
		{4AFB354D-BE11-4BA2-8DB0-BF8FEF4D23E5}.Release|Any CPU.Build.0 = Release|Any CPU
		{7FC8B95D-BC2C-41AF-86A9-FD70A09A93BF}.Debug|Any CPU.ActiveCfg = Debug|Any CPU
		{7FC8B95D-BC2C-41AF-86A9-FD70A09A93BF}.Debug|Any CPU.Build.0 = Debug|Any CPU
		{7FC8B95D-BC2C-41AF-86A9-FD70A09A93BF}.Release|Any CPU.ActiveCfg = Release|Any CPU
		{7FC8B95D-BC2C-41AF-86A9-FD70A09A93BF}.Release|Any CPU.Build.0 = Release|Any CPU
	EndGlobalSection
	GlobalSection(SolutionProperties) = preSolution
		HideSolutionNode = FALSE
	EndGlobalSection
EndGlobal
